
Microsoft Visual Studio Solution File, Format Version 12.00
# Visual Studio Version 17
VisualStudioVersion = 17.5.33502.453
MinimumVisualStudioVersion = 10.0.40219.1
Project("{FAE04EC0-301F-11D3-BF4B-00C04F79EFBC}") = "UrlsAndRoutes", "UrlsAndRoutes\UrlsAndRoutes.csproj", "{8DE6F722-90CA-49F1-B019-F31F7AE034BC}"
EndProject
Project("{FAE04EC0-301F-11D3-BF4B-00C04F79EFBC}") = "UrlsAndRoutes.Tests", "UrlsAndRoutes.Tests\UrlsAndRoutes.Tests.csproj", "{BEE12A71-E5CC-47A5-837A-52049538DFAE}"
EndProject
Global
	GlobalSection(SolutionConfigurationPlatforms) = preSolution
		Debug|Any CPU = Debug|Any CPU
		Release|Any CPU = Release|Any CPU
	EndGlobalSection
	GlobalSection(ProjectConfigurationPlatforms) = postSolution
		{8DE6F722-90CA-49F1-B019-F31F7AE034BC}.Debug|Any CPU.ActiveCfg = Debug|Any CPU
		{8DE6F722-90CA-49F1-B019-F31F7AE034BC}.Debug|Any CPU.Build.0 = Debug|Any CPU
		{8DE6F722-90CA-49F1-B019-F31F7AE034BC}.Release|Any CPU.ActiveCfg = Release|Any CPU
		{8DE6F722-90CA-49F1-B019-F31F7AE034BC}.Release|Any CPU.Build.0 = Release|Any CPU
		{BEE12A71-E5CC-47A5-837A-52049538DFAE}.Debug|Any CPU.ActiveCfg = Debug|Any CPU
		{BEE12A71-E5CC-47A5-837A-52049538DFAE}.Debug|Any CPU.Build.0 = Debug|Any CPU
		{BEE12A71-E5CC-47A5-837A-52049538DFAE}.Release|Any CPU.ActiveCfg = Release|Any CPU
		{BEE12A71-E5CC-47A5-837A-52049538DFAE}.Release|Any CPU.Build.0 = Release|Any CPU
	EndGlobalSection
	GlobalSection(SolutionProperties) = preSolution
		HideSolutionNode = FALSE
	EndGlobalSection
	GlobalSection(ExtensibilityGlobals) = postSolution
		SolutionGuid = {A25208F2-926D-4509-8A22-6D1E75C58A53}
	EndGlobalSection
EndGlobal
